// !$*UTF8*$!
{
	archiveVersion = 1;
	classes = {
	};
	objectVersion = 56;
	objects = {

/* Begin PBXBuildFile section */
		4AB7CF6417C0E92C3A583F2D /* Pods_ProteinCodeChallange.framework in Frameworks */ = {isa = PBXBuildFile; fileRef = E22288A9B9677CDA6D88CEC2 /* Pods_ProteinCodeChallange.framework */; };
		9D39182E2B1DFBD600F63004 /* AppDelegate.swift in Sources */ = {isa = PBXBuildFile; fileRef = 9D39182D2B1DFBD600F63004 /* AppDelegate.swift */; };
		9D3918302B1DFBD600F63004 /* SceneDelegate.swift in Sources */ = {isa = PBXBuildFile; fileRef = 9D39182F2B1DFBD600F63004 /* SceneDelegate.swift */; };
		9D3918352B1DFBD600F63004 /* Main.storyboard in Resources */ = {isa = PBXBuildFile; fileRef = 9D3918332B1DFBD600F63004 /* Main.storyboard */; };
		9D3918372B1DFBD700F63004 /* Assets.xcassets in Resources */ = {isa = PBXBuildFile; fileRef = 9D3918362B1DFBD700F63004 /* Assets.xcassets */; };
		9D39183A2B1DFBD700F63004 /* LaunchScreen.storyboard in Resources */ = {isa = PBXBuildFile; fileRef = 9D3918382B1DFBD700F63004 /* LaunchScreen.storyboard */; };
		9D985DED2B1E086F005FD14F /* LoginViewController.swift in Sources */ = {isa = PBXBuildFile; fileRef = 9D985DEC2B1E086F005FD14F /* LoginViewController.swift */; };
		9D985DEF2B1E0883005FD14F /* LoginViewModel.swift in Sources */ = {isa = PBXBuildFile; fileRef = 9D985DEE2B1E0883005FD14F /* LoginViewModel.swift */; };
		9D985DF32B1E0DD0005FD14F /* LoginTF.swift in Sources */ = {isa = PBXBuildFile; fileRef = 9D985DF22B1E0DD0005FD14F /* LoginTF.swift */; };
		9DB0264F2B1E25C200834C5E /* User.swift in Sources */ = {isa = PBXBuildFile; fileRef = 9DB0264E2B1E25C200834C5E /* User.swift */; };
		9DB026522B1E38A300834C5E /* HomePageViewController.swift in Sources */ = {isa = PBXBuildFile; fileRef = 9DB026512B1E38A300834C5E /* HomePageViewController.swift */; };
		9DB026552B1E544D00834C5E /* HomePageViewModel.swift in Sources */ = {isa = PBXBuildFile; fileRef = 9DB026542B1E544D00834C5E /* HomePageViewModel.swift */; };
		9DB026582B1E57F300834C5E /* BaseWebService.swift in Sources */ = {isa = PBXBuildFile; fileRef = 9DB026572B1E57F300834C5E /* BaseWebService.swift */; };
		9DB0265A2B1E5C2300834C5E /* APIError.swift in Sources */ = {isa = PBXBuildFile; fileRef = 9DB026592B1E5C2300834C5E /* APIError.swift */; };
		9DB0265D2B1E7DAC00834C5E /* FriendModel.swift in Sources */ = {isa = PBXBuildFile; fileRef = 9DB0265C2B1E7DAC00834C5E /* FriendModel.swift */; };
		9DB0265F2B1E849400834C5E /* FriendRealmModel.swift in Sources */ = {isa = PBXBuildFile; fileRef = 9DB0265E2B1E849400834C5E /* FriendRealmModel.swift */; };
/* End PBXBuildFile section */

/* Begin PBXFileReference section */
		9D39182A2B1DFBD600F63004 /* ProteinCodeChallange.app */ = {isa = PBXFileReference; explicitFileType = wrapper.application; includeInIndex = 0; path = ProteinCodeChallange.app; sourceTree = BUILT_PRODUCTS_DIR; };
		9D39182D2B1DFBD600F63004 /* AppDelegate.swift */ = {isa = PBXFileReference; lastKnownFileType = sourcecode.swift; path = AppDelegate.swift; sourceTree = "<group>"; };
		9D39182F2B1DFBD600F63004 /* SceneDelegate.swift */ = {isa = PBXFileReference; lastKnownFileType = sourcecode.swift; path = SceneDelegate.swift; sourceTree = "<group>"; };
		9D3918342B1DFBD600F63004 /* Base */ = {isa = PBXFileReference; lastKnownFileType = file.storyboard; name = Base; path = Base.lproj/Main.storyboard; sourceTree = "<group>"; };
		9D3918362B1DFBD700F63004 /* Assets.xcassets */ = {isa = PBXFileReference; lastKnownFileType = folder.assetcatalog; path = Assets.xcassets; sourceTree = "<group>"; };
		9D3918392B1DFBD700F63004 /* Base */ = {isa = PBXFileReference; lastKnownFileType = file.storyboard; name = Base; path = Base.lproj/LaunchScreen.storyboard; sourceTree = "<group>"; };
		9D39183B2B1DFBD700F63004 /* Info.plist */ = {isa = PBXFileReference; lastKnownFileType = text.plist.xml; path = Info.plist; sourceTree = "<group>"; };
		9D985DEC2B1E086F005FD14F /* LoginViewController.swift */ = {isa = PBXFileReference; lastKnownFileType = sourcecode.swift; path = LoginViewController.swift; sourceTree = "<group>"; };
		9D985DEE2B1E0883005FD14F /* LoginViewModel.swift */ = {isa = PBXFileReference; lastKnownFileType = sourcecode.swift; path = LoginViewModel.swift; sourceTree = "<group>"; };
		9D985DF22B1E0DD0005FD14F /* LoginTF.swift */ = {isa = PBXFileReference; lastKnownFileType = sourcecode.swift; path = LoginTF.swift; sourceTree = "<group>"; };
		9DB0264E2B1E25C200834C5E /* User.swift */ = {isa = PBXFileReference; lastKnownFileType = sourcecode.swift; path = User.swift; sourceTree = "<group>"; };
		9DB026512B1E38A300834C5E /* HomePageViewController.swift */ = {isa = PBXFileReference; lastKnownFileType = sourcecode.swift; path = HomePageViewController.swift; sourceTree = "<group>"; };
		9DB026542B1E544D00834C5E /* HomePageViewModel.swift */ = {isa = PBXFileReference; lastKnownFileType = sourcecode.swift; path = HomePageViewModel.swift; sourceTree = "<group>"; };
		9DB026572B1E57F300834C5E /* BaseWebService.swift */ = {isa = PBXFileReference; lastKnownFileType = sourcecode.swift; path = BaseWebService.swift; sourceTree = "<group>"; };
		9DB026592B1E5C2300834C5E /* APIError.swift */ = {isa = PBXFileReference; lastKnownFileType = sourcecode.swift; path = APIError.swift; sourceTree = "<group>"; };
		9DB0265C2B1E7DAC00834C5E /* FriendModel.swift */ = {isa = PBXFileReference; lastKnownFileType = sourcecode.swift; path = FriendModel.swift; sourceTree = "<group>"; };
		9DB0265E2B1E849400834C5E /* FriendRealmModel.swift */ = {isa = PBXFileReference; lastKnownFileType = sourcecode.swift; path = FriendRealmModel.swift; sourceTree = "<group>"; };
		A5D1DEB40F9E25B2208F8EAF /* Pods-ProteinCodeChallange.release.xcconfig */ = {isa = PBXFileReference; includeInIndex = 1; lastKnownFileType = text.xcconfig; name = "Pods-ProteinCodeChallange.release.xcconfig"; path = "Target Support Files/Pods-ProteinCodeChallange/Pods-ProteinCodeChallange.release.xcconfig"; sourceTree = "<group>"; };
		E22288A9B9677CDA6D88CEC2 /* Pods_ProteinCodeChallange.framework */ = {isa = PBXFileReference; explicitFileType = wrapper.framework; includeInIndex = 0; path = Pods_ProteinCodeChallange.framework; sourceTree = BUILT_PRODUCTS_DIR; };
		F3999B11D5E70DF909C90439 /* Pods-ProteinCodeChallange.debug.xcconfig */ = {isa = PBXFileReference; includeInIndex = 1; lastKnownFileType = text.xcconfig; name = "Pods-ProteinCodeChallange.debug.xcconfig"; path = "Target Support Files/Pods-ProteinCodeChallange/Pods-ProteinCodeChallange.debug.xcconfig"; sourceTree = "<group>"; };
/* End PBXFileReference section */

/* Begin PBXFrameworksBuildPhase section */
		9D3918272B1DFBD600F63004 /* Frameworks */ = {
			isa = PBXFrameworksBuildPhase;
			buildActionMask = 2147483647;
			files = (
				4AB7CF6417C0E92C3A583F2D /* Pods_ProteinCodeChallange.framework in Frameworks */,
			);
			runOnlyForDeploymentPostprocessing = 0;
		};
/* End PBXFrameworksBuildPhase section */

/* Begin PBXGroup section */
		5BCAC833BF7348C2D8F593A6 /* Frameworks */ = {
			isa = PBXGroup;
			children = (
				E22288A9B9677CDA6D88CEC2 /* Pods_ProteinCodeChallange.framework */,
			);
			name = Frameworks;
			sourceTree = "<group>";
		};
		9D3918212B1DFBD600F63004 = {
			isa = PBXGroup;
			children = (
				9D39182C2B1DFBD600F63004 /* ProteinCodeChallange */,
				9D39182B2B1DFBD600F63004 /* Products */,
				C18AFFDE1B8150770CE8C370 /* Pods */,
				5BCAC833BF7348C2D8F593A6 /* Frameworks */,
			);
			sourceTree = "<group>";
		};
		9D39182B2B1DFBD600F63004 /* Products */ = {
			isa = PBXGroup;
			children = (
				9D39182A2B1DFBD600F63004 /* ProteinCodeChallange.app */,
			);
			name = Products;
			sourceTree = "<group>";
		};
		9D39182C2B1DFBD600F63004 /* ProteinCodeChallange */ = {
			isa = PBXGroup;
			children = (
				9DB026562B1E57C900834C5E /* BaseWebService */,
				9D985DF02B1E0DA3005FD14F /* Utilities */,
				9D985DE52B1E0683005FD14F /* DetailPage */,
				9D985DE42B1E067F005FD14F /* HomePage */,
				9D985DE32B1E0676005FD14F /* LoginPage */,
				9D39182D2B1DFBD600F63004 /* AppDelegate.swift */,
				9D39182F2B1DFBD600F63004 /* SceneDelegate.swift */,
				9D3918362B1DFBD700F63004 /* Assets.xcassets */,
				9D3918382B1DFBD700F63004 /* LaunchScreen.storyboard */,
				9D39183B2B1DFBD700F63004 /* Info.plist */,
			);
			path = ProteinCodeChallange;
			sourceTree = "<group>";
		};
		9D985DE32B1E0676005FD14F /* LoginPage */ = {
			isa = PBXGroup;
			children = (
				9DB0264D2B1E25B400834C5E /* Model */,
				9D985DEB2B1E0843005FD14F /* ViewModel */,
				9D985DEA2B1E083E005FD14F /* Controller */,
			);
			path = LoginPage;
			sourceTree = "<group>";
		};
		9D985DE42B1E067F005FD14F /* HomePage */ = {
			isa = PBXGroup;
			children = (
				9DB0265B2B1E7D9C00834C5E /* Model */,
				9DB026532B1E541100834C5E /* ViewModel */,
				9DB026502B1E388900834C5E /* Controller */,
				9D985DE62B1E068E005FD14F /* StoryBoard */,
			);
			path = HomePage;
			sourceTree = "<group>";
		};
		9D985DE52B1E0683005FD14F /* DetailPage */ = {
			isa = PBXGroup;
			children = (
			);
			path = DetailPage;
			sourceTree = "<group>";
		};
		9D985DE62B1E068E005FD14F /* StoryBoard */ = {
			isa = PBXGroup;
			children = (
				9D3918332B1DFBD600F63004 /* Main.storyboard */,
			);
			path = StoryBoard;
			sourceTree = "<group>";
		};
		9D985DEA2B1E083E005FD14F /* Controller */ = {
			isa = PBXGroup;
			children = (
				9D985DEC2B1E086F005FD14F /* LoginViewController.swift */,
			);
			path = Controller;
			sourceTree = "<group>";
		};
		9D985DEB2B1E0843005FD14F /* ViewModel */ = {
			isa = PBXGroup;
			children = (
				9D985DEE2B1E0883005FD14F /* LoginViewModel.swift */,
			);
			path = ViewModel;
			sourceTree = "<group>";
		};
		9D985DF02B1E0DA3005FD14F /* Utilities */ = {
			isa = PBXGroup;
			children = (
				9D985DF12B1E0DAB005FD14F /* UIElements */,
			);
			path = Utilities;
			sourceTree = "<group>";
		};
		9D985DF12B1E0DAB005FD14F /* UIElements */ = {
			isa = PBXGroup;
			children = (
				9D985DF22B1E0DD0005FD14F /* LoginTF.swift */,
			);
			path = UIElements;
			sourceTree = "<group>";
		};
		9DB0264D2B1E25B400834C5E /* Model */ = {
			isa = PBXGroup;
			children = (
				9DB0264E2B1E25C200834C5E /* User.swift */,
			);
			path = Model;
			sourceTree = "<group>";
		};
		9DB026502B1E388900834C5E /* Controller */ = {
			isa = PBXGroup;
			children = (
				9DB026512B1E38A300834C5E /* HomePageViewController.swift */,
			);
			path = Controller;
			sourceTree = "<group>";
		};
		9DB026532B1E541100834C5E /* ViewModel */ = {
			isa = PBXGroup;
			children = (
				9DB026542B1E544D00834C5E /* HomePageViewModel.swift */,
			);
			path = ViewModel;
			sourceTree = "<group>";
		};
		9DB026562B1E57C900834C5E /* BaseWebService */ = {
			isa = PBXGroup;
			children = (
				9DB026572B1E57F300834C5E /* BaseWebService.swift */,
				9DB026592B1E5C2300834C5E /* APIError.swift */,
			);
			path = BaseWebService;
			sourceTree = "<group>";
		};
		9DB0265B2B1E7D9C00834C5E /* Model */ = {
			isa = PBXGroup;
			children = (
				9DB0265C2B1E7DAC00834C5E /* FriendModel.swift */,
				9DB0265E2B1E849400834C5E /* FriendRealmModel.swift */,
			);
			path = Model;
			sourceTree = "<group>";
		};
		C18AFFDE1B8150770CE8C370 /* Pods */ = {
			isa = PBXGroup;
			children = (
				F3999B11D5E70DF909C90439 /* Pods-ProteinCodeChallange.debug.xcconfig */,
				A5D1DEB40F9E25B2208F8EAF /* Pods-ProteinCodeChallange.release.xcconfig */,
			);
			path = Pods;
			sourceTree = "<group>";
		};
/* End PBXGroup section */

/* Begin PBXNativeTarget section */
		9D3918292B1DFBD600F63004 /* ProteinCodeChallange */ = {
			isa = PBXNativeTarget;
			buildConfigurationList = 9D39183E2B1DFBD700F63004 /* Build configuration list for PBXNativeTarget "ProteinCodeChallange" */;
			buildPhases = (
				2C6F45B465C8C9FE58E9A0C9 /* [CP] Check Pods Manifest.lock */,
				9D3918262B1DFBD600F63004 /* Sources */,
				9D3918272B1DFBD600F63004 /* Frameworks */,
				9D3918282B1DFBD600F63004 /* Resources */,
				84EE1A06A4AF971441D94A2D /* [CP] Embed Pods Frameworks */,
			);
			buildRules = (
			);
			dependencies = (
			);
			name = ProteinCodeChallange;
			productName = ProteinCodeChallange;
			productReference = 9D39182A2B1DFBD600F63004 /* ProteinCodeChallange.app */;
			productType = "com.apple.product-type.application";
		};
/* End PBXNativeTarget section */

/* Begin PBXProject section */
		9D3918222B1DFBD600F63004 /* Project object */ = {
			isa = PBXProject;
			attributes = {
				BuildIndependentTargetsInParallel = 1;
				LastSwiftUpdateCheck = 1430;
				LastUpgradeCheck = 1430;
				TargetAttributes = {
					9D3918292B1DFBD600F63004 = {
						CreatedOnToolsVersion = 14.3.1;
					};
				};
			};
			buildConfigurationList = 9D3918252B1DFBD600F63004 /* Build configuration list for PBXProject "ProteinCodeChallange" */;
			compatibilityVersion = "Xcode 14.0";
			developmentRegion = en;
			hasScannedForEncodings = 0;
			knownRegions = (
				en,
				Base,
			);
			mainGroup = 9D3918212B1DFBD600F63004;
			productRefGroup = 9D39182B2B1DFBD600F63004 /* Products */;
			projectDirPath = "";
			projectRoot = "";
			targets = (
				9D3918292B1DFBD600F63004 /* ProteinCodeChallange */,
			);
		};
/* End PBXProject section */

/* Begin PBXResourcesBuildPhase section */
		9D3918282B1DFBD600F63004 /* Resources */ = {
			isa = PBXResourcesBuildPhase;
			buildActionMask = 2147483647;
			files = (
				9D39183A2B1DFBD700F63004 /* LaunchScreen.storyboard in Resources */,
				9D3918372B1DFBD700F63004 /* Assets.xcassets in Resources */,
				9D3918352B1DFBD600F63004 /* Main.storyboard in Resources */,
			);
			runOnlyForDeploymentPostprocessing = 0;
		};
/* End PBXResourcesBuildPhase section */

/* Begin PBXShellScriptBuildPhase section */
		2C6F45B465C8C9FE58E9A0C9 /* [CP] Check Pods Manifest.lock */ = {
			isa = PBXShellScriptBuildPhase;
			buildActionMask = 2147483647;
			files = (
			);
			inputFileListPaths = (
			);
			inputPaths = (
				"${PODS_PODFILE_DIR_PATH}/Podfile.lock",
				"${PODS_ROOT}/Manifest.lock",
			);
			name = "[CP] Check Pods Manifest.lock";
			outputFileListPaths = (
			);
			outputPaths = (
				"$(DERIVED_FILE_DIR)/Pods-ProteinCodeChallange-checkManifestLockResult.txt",
			);
			runOnlyForDeploymentPostprocessing = 0;
			shellPath = /bin/sh;
			shellScript = "diff \"${PODS_PODFILE_DIR_PATH}/Podfile.lock\" \"${PODS_ROOT}/Manifest.lock\" > /dev/null\nif [ $? != 0 ] ; then\n    # print error to STDERR\n    echo \"error: The sandbox is not in sync with the Podfile.lock. Run 'pod install' or update your CocoaPods installation.\" >&2\n    exit 1\nfi\n# This output is used by Xcode 'outputs' to avoid re-running this script phase.\necho \"SUCCESS\" > \"${SCRIPT_OUTPUT_FILE_0}\"\n";
			showEnvVarsInLog = 0;
		};
		84EE1A06A4AF971441D94A2D /* [CP] Embed Pods Frameworks */ = {
			isa = PBXShellScriptBuildPhase;
			buildActionMask = 2147483647;
			files = (
			);
			inputFileListPaths = (
				"${PODS_ROOT}/Target Support Files/Pods-ProteinCodeChallange/Pods-ProteinCodeChallange-frameworks-${CONFIGURATION}-input-files.xcfilelist",
			);
			name = "[CP] Embed Pods Frameworks";
			outputFileListPaths = (
				"${PODS_ROOT}/Target Support Files/Pods-ProteinCodeChallange/Pods-ProteinCodeChallange-frameworks-${CONFIGURATION}-output-files.xcfilelist",
			);
			runOnlyForDeploymentPostprocessing = 0;
			shellPath = /bin/sh;
			shellScript = "\"${PODS_ROOT}/Target Support Files/Pods-ProteinCodeChallange/Pods-ProteinCodeChallange-frameworks.sh\"\n";
			showEnvVarsInLog = 0;
		};
/* End PBXShellScriptBuildPhase section */

/* Begin PBXSourcesBuildPhase section */
		9D3918262B1DFBD600F63004 /* Sources */ = {
			isa = PBXSourcesBuildPhase;
			buildActionMask = 2147483647;
			files = (
				9DB0265D2B1E7DAC00834C5E /* FriendModel.swift in Sources */,
				9D985DF32B1E0DD0005FD14F /* LoginTF.swift in Sources */,
				9DB026522B1E38A300834C5E /* HomePageViewController.swift in Sources */,
				9D985DEF2B1E0883005FD14F /* LoginViewModel.swift in Sources */,
				9DB0265A2B1E5C2300834C5E /* APIError.swift in Sources */,
				9DB0264F2B1E25C200834C5E /* User.swift in Sources */,
				9DB026552B1E544D00834C5E /* HomePageViewModel.swift in Sources */,
				9DB0265F2B1E849400834C5E /* FriendRealmModel.swift in Sources */,
				9D985DED2B1E086F005FD14F /* LoginViewController.swift in Sources */,
				9DB026582B1E57F300834C5E /* BaseWebService.swift in Sources */,
				9D39182E2B1DFBD600F63004 /* AppDelegate.swift in Sources */,
				9D3918302B1DFBD600F63004 /* SceneDelegate.swift in Sources */,
			);
			runOnlyForDeploymentPostprocessing = 0;
		};
/* End PBXSourcesBuildPhase section */

/* Begin PBXVariantGroup section */
		9D3918332B1DFBD600F63004 /* Main.storyboard */ = {
			isa = PBXVariantGroup;
			children = (
				9D3918342B1DFBD600F63004 /* Base */,
			);
			name = Main.storyboard;
			sourceTree = "<group>";
		};
		9D3918382B1DFBD700F63004 /* LaunchScreen.storyboard */ = {
			isa = PBXVariantGroup;
			children = (
				9D3918392B1DFBD700F63004 /* Base */,
			);
			name = LaunchScreen.storyboard;
			sourceTree = "<group>";
		};
/* End PBXVariantGroup section */

/* Begin XCBuildConfiguration section */
		9D39183C2B1DFBD700F63004 /* Debug */ = {
			isa = XCBuildConfiguration;
			buildSettings = {
				ALWAYS_SEARCH_USER_PATHS = NO;
				CLANG_ANALYZER_NONNULL = YES;
				CLANG_ANALYZER_NUMBER_OBJECT_CONVERSION = YES_AGGRESSIVE;
				CLANG_CXX_LANGUAGE_STANDARD = "gnu++20";
				CLANG_ENABLE_MODULES = YES;
				CLANG_ENABLE_OBJC_ARC = YES;
				CLANG_ENABLE_OBJC_WEAK = YES;
				CLANG_WARN_BLOCK_CAPTURE_AUTORELEASING = YES;
				CLANG_WARN_BOOL_CONVERSION = YES;
				CLANG_WARN_COMMA = YES;
				CLANG_WARN_CONSTANT_CONVERSION = YES;
				CLANG_WARN_DEPRECATED_OBJC_IMPLEMENTATIONS = YES;
				CLANG_WARN_DIRECT_OBJC_ISA_USAGE = YES_ERROR;
				CLANG_WARN_DOCUMENTATION_COMMENTS = YES;
				CLANG_WARN_EMPTY_BODY = YES;
				CLANG_WARN_ENUM_CONVERSION = YES;
				CLANG_WARN_INFINITE_RECURSION = YES;
				CLANG_WARN_INT_CONVERSION = YES;
				CLANG_WARN_NON_LITERAL_NULL_CONVERSION = YES;
				CLANG_WARN_OBJC_IMPLICIT_RETAIN_SELF = YES;
				CLANG_WARN_OBJC_LITERAL_CONVERSION = YES;
				CLANG_WARN_OBJC_ROOT_CLASS = YES_ERROR;
				CLANG_WARN_QUOTED_INCLUDE_IN_FRAMEWORK_HEADER = YES;
				CLANG_WARN_RANGE_LOOP_ANALYSIS = YES;
				CLANG_WARN_STRICT_PROTOTYPES = YES;
				CLANG_WARN_SUSPICIOUS_MOVE = YES;
				CLANG_WARN_UNGUARDED_AVAILABILITY = YES_AGGRESSIVE;
				CLANG_WARN_UNREACHABLE_CODE = YES;
				CLANG_WARN__DUPLICATE_METHOD_MATCH = YES;
				COPY_PHASE_STRIP = NO;
				DEBUG_INFORMATION_FORMAT = dwarf;
				ENABLE_STRICT_OBJC_MSGSEND = YES;
				ENABLE_TESTABILITY = YES;
				GCC_C_LANGUAGE_STANDARD = gnu11;
				GCC_DYNAMIC_NO_PIC = NO;
				GCC_NO_COMMON_BLOCKS = YES;
				GCC_OPTIMIZATION_LEVEL = 0;
				GCC_PREPROCESSOR_DEFINITIONS = (
					"DEBUG=1",
					"$(inherited)",
				);
				GCC_WARN_64_TO_32_BIT_CONVERSION = YES;
				GCC_WARN_ABOUT_RETURN_TYPE = YES_ERROR;
				GCC_WARN_UNDECLARED_SELECTOR = YES;
				GCC_WARN_UNINITIALIZED_AUTOS = YES_AGGRESSIVE;
				GCC_WARN_UNUSED_FUNCTION = YES;
				GCC_WARN_UNUSED_VARIABLE = YES;
				IPHONEOS_DEPLOYMENT_TARGET = 16.4;
				MTL_ENABLE_DEBUG_INFO = INCLUDE_SOURCE;
				MTL_FAST_MATH = YES;
				ONLY_ACTIVE_ARCH = YES;
				SDKROOT = iphoneos;
				SWIFT_ACTIVE_COMPILATION_CONDITIONS = DEBUG;
				SWIFT_OPTIMIZATION_LEVEL = "-Onone";
			};
			name = Debug;
		};
		9D39183D2B1DFBD700F63004 /* Release */ = {
			isa = XCBuildConfiguration;
			buildSettings = {
				ALWAYS_SEARCH_USER_PATHS = NO;
				CLANG_ANALYZER_NONNULL = YES;
				CLANG_ANALYZER_NUMBER_OBJECT_CONVERSION = YES_AGGRESSIVE;
				CLANG_CXX_LANGUAGE_STANDARD = "gnu++20";
				CLANG_ENABLE_MODULES = YES;
				CLANG_ENABLE_OBJC_ARC = YES;
				CLANG_ENABLE_OBJC_WEAK = YES;
				CLANG_WARN_BLOCK_CAPTURE_AUTORELEASING = YES;
				CLANG_WARN_BOOL_CONVERSION = YES;
				CLANG_WARN_COMMA = YES;
				CLANG_WARN_CONSTANT_CONVERSION = YES;
				CLANG_WARN_DEPRECATED_OBJC_IMPLEMENTATIONS = YES;
				CLANG_WARN_DIRECT_OBJC_ISA_USAGE = YES_ERROR;
				CLANG_WARN_DOCUMENTATION_COMMENTS = YES;
				CLANG_WARN_EMPTY_BODY = YES;
				CLANG_WARN_ENUM_CONVERSION = YES;
				CLANG_WARN_INFINITE_RECURSION = YES;
				CLANG_WARN_INT_CONVERSION = YES;
				CLANG_WARN_NON_LITERAL_NULL_CONVERSION = YES;
				CLANG_WARN_OBJC_IMPLICIT_RETAIN_SELF = YES;
				CLANG_WARN_OBJC_LITERAL_CONVERSION = YES;
				CLANG_WARN_OBJC_ROOT_CLASS = YES_ERROR;
				CLANG_WARN_QUOTED_INCLUDE_IN_FRAMEWORK_HEADER = YES;
				CLANG_WARN_RANGE_LOOP_ANALYSIS = YES;
				CLANG_WARN_STRICT_PROTOTYPES = YES;
				CLANG_WARN_SUSPICIOUS_MOVE = YES;
				CLANG_WARN_UNGUARDED_AVAILABILITY = YES_AGGRESSIVE;
				CLANG_WARN_UNREACHABLE_CODE = YES;
				CLANG_WARN__DUPLICATE_METHOD_MATCH = YES;
				COPY_PHASE_STRIP = NO;
				DEBUG_INFORMATION_FORMAT = "dwarf-with-dsym";
				ENABLE_NS_ASSERTIONS = NO;
				ENABLE_STRICT_OBJC_MSGSEND = YES;
				GCC_C_LANGUAGE_STANDARD = gnu11;
				GCC_NO_COMMON_BLOCKS = YES;
				GCC_WARN_64_TO_32_BIT_CONVERSION = YES;
				GCC_WARN_ABOUT_RETURN_TYPE = YES_ERROR;
				GCC_WARN_UNDECLARED_SELECTOR = YES;
				GCC_WARN_UNINITIALIZED_AUTOS = YES_AGGRESSIVE;
				GCC_WARN_UNUSED_FUNCTION = YES;
				GCC_WARN_UNUSED_VARIABLE = YES;
				IPHONEOS_DEPLOYMENT_TARGET = 16.4;
				MTL_ENABLE_DEBUG_INFO = NO;
				MTL_FAST_MATH = YES;
				SDKROOT = iphoneos;
				SWIFT_COMPILATION_MODE = wholemodule;
				SWIFT_OPTIMIZATION_LEVEL = "-O";
				VALIDATE_PRODUCT = YES;
			};
			name = Release;
		};
		9D39183F2B1DFBD700F63004 /* Debug */ = {
			isa = XCBuildConfiguration;
			baseConfigurationReference = F3999B11D5E70DF909C90439 /* Pods-ProteinCodeChallange.debug.xcconfig */;
			buildSettings = {
				ASSETCATALOG_COMPILER_APPICON_NAME = AppIcon;
				ASSETCATALOG_COMPILER_GLOBAL_ACCENT_COLOR_NAME = AccentColor;
				CODE_SIGN_STYLE = Automatic;
				CURRENT_PROJECT_VERSION = 1;
				DEVELOPMENT_TEAM = L75KFH9TYV;
				GENERATE_INFOPLIST_FILE = YES;
				INFOPLIST_FILE = ProteinCodeChallange/Info.plist;
				INFOPLIST_KEY_UIApplicationSupportsIndirectInputEvents = YES;
				INFOPLIST_KEY_UILaunchStoryboardName = LaunchScreen;
				INFOPLIST_KEY_UIMainStoryboardFile = Main;
				INFOPLIST_KEY_UIRequiresFullScreen = NO;
				INFOPLIST_KEY_UIStatusBarStyle = "";
				INFOPLIST_KEY_UISupportedInterfaceOrientations = UIInterfaceOrientationPortrait;
				INFOPLIST_KEY_UISupportedInterfaceOrientations_iPad = "UIInterfaceOrientationLandscapeLeft UIInterfaceOrientationLandscapeRight UIInterfaceOrientationPortrait UIInterfaceOrientationPortraitUpsideDown";
				LD_RUNPATH_SEARCH_PATHS = (
					"$(inherited)",
					"@executable_path/Frameworks",
				);
				MARKETING_VERSION = 1.0;
				PRODUCT_BUNDLE_IDENTIFIER = com.namik.ProteinCodeChallange;
				PRODUCT_NAME = "$(TARGET_NAME)";
				SWIFT_EMIT_LOC_STRINGS = YES;
				SWIFT_VERSION = 5.0;
				TARGETED_DEVICE_FAMILY = "1,2";
			};
			name = Debug;
		};
		9D3918402B1DFBD700F63004 /* Release */ = {
			isa = XCBuildConfiguration;
			baseConfigurationReference = A5D1DEB40F9E25B2208F8EAF /* Pods-ProteinCodeChallange.release.xcconfig */;
			buildSettings = {
				ASSETCATALOG_COMPILER_APPICON_NAME = AppIcon;
				ASSETCATALOG_COMPILER_GLOBAL_ACCENT_COLOR_NAME = AccentColor;
				CODE_SIGN_STYLE = Automatic;
				CURRENT_PROJECT_VERSION = 1;
				DEVELOPMENT_TEAM = L75KFH9TYV;
				GENERATE_INFOPLIST_FILE = YES;
				INFOPLIST_FILE = ProteinCodeChallange/Info.plist;
				INFOPLIST_KEY_UIApplicationSupportsIndirectInputEvents = YES;
				INFOPLIST_KEY_UILaunchStoryboardName = LaunchScreen;
				INFOPLIST_KEY_UIMainStoryboardFile = Main;
				INFOPLIST_KEY_UIRequiresFullScreen = NO;
				INFOPLIST_KEY_UIStatusBarStyle = "";
				INFOPLIST_KEY_UISupportedInterfaceOrientations = UIInterfaceOrientationPortrait;
				INFOPLIST_KEY_UISupportedInterfaceOrientations_iPad = "UIInterfaceOrientationLandscapeLeft UIInterfaceOrientationLandscapeRight UIInterfaceOrientationPortrait UIInterfaceOrientationPortraitUpsideDown";
				LD_RUNPATH_SEARCH_PATHS = (
					"$(inherited)",
					"@executable_path/Frameworks",
				);
				MARKETING_VERSION = 1.0;
				PRODUCT_BUNDLE_IDENTIFIER = com.namik.ProteinCodeChallange;
				PRODUCT_NAME = "$(TARGET_NAME)";
				SWIFT_EMIT_LOC_STRINGS = YES;
				SWIFT_VERSION = 5.0;
				TARGETED_DEVICE_FAMILY = "1,2";
			};
			name = Release;
		};
/* End XCBuildConfiguration section */

/* Begin XCConfigurationList section */
		9D3918252B1DFBD600F63004 /* Build configuration list for PBXProject "ProteinCodeChallange" */ = {
			isa = XCConfigurationList;
			buildConfigurations = (
				9D39183C2B1DFBD700F63004 /* Debug */,
				9D39183D2B1DFBD700F63004 /* Release */,
			);
			defaultConfigurationIsVisible = 0;
			defaultConfigurationName = Release;
		};
		9D39183E2B1DFBD700F63004 /* Build configuration list for PBXNativeTarget "ProteinCodeChallange" */ = {
			isa = XCConfigurationList;
			buildConfigurations = (
				9D39183F2B1DFBD700F63004 /* Debug */,
				9D3918402B1DFBD700F63004 /* Release */,
			);
			defaultConfigurationIsVisible = 0;
			defaultConfigurationName = Release;
		};
/* End XCConfigurationList section */
	};
	rootObject = 9D3918222B1DFBD600F63004 /* Project object */;
}
